
Microsoft Visual Studio Solution File, Format Version 12.00
# Visual Studio Version 16
VisualStudioVersion = 16.0.30114.105
MinimumVisualStudioVersion = 10.0.40219.1
Project("{FAE04EC0-301F-11D3-BF4B-00C04F79EFBC}") = "consolelinq.consoleapp", "consolelinq.consoleapp\consolelinq.consoleapp.csproj", "{C2146388-7DD7-46C5-B725-D9B6F799DE86}"
EndProject
Project("{FAE04EC0-301F-11D3-BF4B-00C04F79EFBC}") = "consolelinq.test", "consolelinq.test\consolelinq.test.csproj", "{254CCB67-A9BB-4E61-98F2-24931079E6DF}"
EndProject
Global
	GlobalSection(SolutionConfigurationPlatforms) = preSolution
		Debug|Any CPU = Debug|Any CPU
		Release|Any CPU = Release|Any CPU
	EndGlobalSection
	GlobalSection(SolutionProperties) = preSolution
		HideSolutionNode = FALSE
	EndGlobalSection
	GlobalSection(ProjectConfigurationPlatforms) = postSolution
		{C2146388-7DD7-46C5-B725-D9B6F799DE86}.Debug|Any CPU.ActiveCfg = Debug|Any CPU
		{C2146388-7DD7-46C5-B725-D9B6F799DE86}.Debug|Any CPU.Build.0 = Debug|Any CPU
		{C2146388-7DD7-46C5-B725-D9B6F799DE86}.Release|Any CPU.ActiveCfg = Release|Any CPU
		{C2146388-7DD7-46C5-B725-D9B6F799DE86}.Release|Any CPU.Build.0 = Release|Any CPU
		{254CCB67-A9BB-4E61-98F2-24931079E6DF}.Debug|Any CPU.ActiveCfg = Debug|Any CPU
		{254CCB67-A9BB-4E61-98F2-24931079E6DF}.Debug|Any CPU.Build.0 = Debug|Any CPU
		{254CCB67-A9BB-4E61-98F2-24931079E6DF}.Release|Any CPU.ActiveCfg = Release|Any CPU
		{254CCB67-A9BB-4E61-98F2-24931079E6DF}.Release|Any CPU.Build.0 = Release|Any CPU
	EndGlobalSection
EndGlobal
